
Microsoft Visual Studio Solution File, Format Version 12.00
# Visual Studio Version 17
VisualStudioVersion = 17.3.32804.467
MinimumVisualStudioVersion = 10.0.40219.1
Project("{FAE04EC0-301F-11D3-BF4B-00C04F79EFBC}") = "Conways_Game_Of_Life", "Conways_Game_Of_Life\Conways_Game_Of_Life.csproj", "{C738011F-0572-48FB-8F32-A58397D9AF9B}"
EndProject
Global
	GlobalSection(SolutionConfigurationPlatforms) = preSolution
		Debug|Any CPU = Debug|Any CPU
		Release|Any CPU = Release|Any CPU
	EndGlobalSection
	GlobalSection(ProjectConfigurationPlatforms) = postSolution
		{C738011F-0572-48FB-8F32-A58397D9AF9B}.Debug|Any CPU.ActiveCfg = Debug|Any CPU
		{C738011F-0572-48FB-8F32-A58397D9AF9B}.Debug|Any CPU.Build.0 = Debug|Any CPU
		{C738011F-0572-48FB-8F32-A58397D9AF9B}.Release|Any CPU.ActiveCfg = Release|Any CPU
		{C738011F-0572-48FB-8F32-A58397D9AF9B}.Release|Any CPU.Build.0 = Release|Any CPU
	EndGlobalSection
	GlobalSection(SolutionProperties) = preSolution
		HideSolutionNode = FALSE
	EndGlobalSection
	GlobalSection(ExtensibilityGlobals) = postSolution
		SolutionGuid = {7717DCEA-0002-44B0-B08A-78BA607CA754}
	EndGlobalSection
EndGlobal
